lockfileVersion: 5.4

specifiers:
  '@types/node': ^18.0.0
  '@types/react': ^18.0.14
  '@wuespace/telestion-client-types': ^0.20.0
  '@wuespace/vertx-mock-server': ^0.20.0
  typescript: ^4.7.4

dependencies:
  '@wuespace/vertx-mock-server': 0.20.0

devDependencies:
  '@types/node': 18.0.0
  '@types/react': 18.0.14
  '@wuespace/telestion-client-types': 0.20.0
  typescript: 4.7.4

packages:

  /@fliegwerk/logsemts/0.4.3:
    resolution: {integrity: sha512-fFNDltFo5p9iRVXV6WIPB1XzM6vb+FxNjA610KKIeo+9uDXPP0leOPI5xVroD0LuJwh1k2dsazvgTAsXP1aLOA==}
    dependencies:
      cross-fetch: 3.1.5
      randomcolor: 0.6.2
    optionalDependencies:
      chalk: 4.1.2
    transitivePeerDependencies:
      - encoding

  /@types/node/18.0.0:
    resolution: {integrity: sha512-cHlGmko4gWLVI27cGJntjs/Sj8th9aYwplmZFwmmgYQQvL5NUsgVJG7OddLvNfLqYS31KFN0s3qlaD9qCaxACA==}

  /@types/prop-types/15.7.5:
    resolution: {integrity: sha512-JCB8C6SnDoQf0cNycqd/35A7MjcnK+ZTqE7judS6o7utxUCg6imJg3QK2qzHKszlTjcj2cn+NwMB2i96ubpj7w==}

  /@types/react/17.0.47:
    resolution: {integrity: sha512-mk0BL8zBinf2ozNr3qPnlu1oyVTYq+4V7WA76RgxUAtf0Em/Wbid38KN6n4abEkvO4xMTBWmnP1FtQzgkEiJoA==}
    dependencies:
      '@types/prop-types': 15.7.5
      '@types/scheduler': 0.16.2
      csstype: 3.1.0

  /@types/react/18.0.14:
    resolution: {integrity: sha512-x4gGuASSiWmo0xjDLpm5mPb52syZHJx02VKbqUKdLmKtAwIh63XClGsiTI1K6DO5q7ox4xAsQrU+Gl3+gGXF9Q==}
    dependencies:
      '@types/prop-types': 15.7.5
      '@types/scheduler': 0.16.2
      csstype: 3.1.0
    dev: true

  /@types/scheduler/0.16.2:
    resolution: {integrity: sha512-hppQEBDmlwhFAXKJX2KnWLYu5yMfi91yazPb2l+lbJiwW+wdo1gNeRA+3RgNSO39WYX2euey41KEwnqesU2Jew==}

  /@types/sockjs/0.3.33:
    resolution: {integrity: sha512-f0KEEe05NvUnat+boPTZ0dgaLZ4SfSouXUgv5noUiefG2ajgKjmETo9ZJyuqsl7dfl2aHlLJUiki6B4ZYldiiw==}
    dependencies:
      '@types/node': 18.0.0
    dev: false

  /@wuespace/telestion-client-types/0.20.0:
    resolution: {integrity: sha512-xD8NLuq1iWIvkNeqfm3NjY+YC7dTMEy2sjbe5F9JqoiVEpyFiOWPXj+5d37yGwITfOUrSBp6YOs7cmhx7Db5rw==}
    peerDependencies:
      react: '>=16.8'
    dependencies:
      '@fliegwerk/logsemts': 0.4.3
      '@types/react': 17.0.47
    transitivePeerDependencies:
      - encoding

  /@wuespace/vertx-mock-server/0.20.0:
    resolution: {integrity: sha512-kCmGLHPl5qI2JsqnQmXMkz+/FdO24wmZlw91ZZy4/cLwXt7vjmp7yUb3lal2PUqLUE31dlmdKQsbyg43+7HOWw==}
    engines: {node: '>=14'}
    dependencies:
      '@fliegwerk/logsemts': 0.4.3
      '@types/sockjs': 0.3.33
      '@wuespace/telestion-client-types': 0.20.0
      sockjs: 0.3.24
    transitivePeerDependencies:
      - encoding
      - react
    dev: false

  /ansi-styles/4.3.0:
    resolution: {integrity: sha512-zbB9rCJAT1rbjiVDb2hqKFHNYLxgtk8NURxZ3IZwD3F6NtxbXZQCnnSi1Lkx+IDohdPlFp222wVALIheZJQSEg==}
    engines: {node: '>=8'}
    dependencies:
      color-convert: 2.0.1
    optional: true

  /chalk/4.1.2:
    resolution: {integrity: sha512-oKnbhFyRIXpUuez8iBMmyEa4nbj4IOQyuhc/wy9kY7/WVPcwIO9VA668Pu8RkO7+0G76SLROeyw9CpQ061i4mA==}
    engines: {node: '>=10'}
    requiresBuild: true
    dependencies:
      ansi-styles: 4.3.0
      supports-color: 7.2.0
    optional: true

  /color-convert/2.0.1:
    resolution: {integrity: sha512-RRECPsj7iu/xb5oKYcsFHSppFNnsj/52OVTRKb4zP5onXwVF3zVmmToNcOfGC+CRDpfK/U584fMg38ZHCaElKQ==}
    engines: {node: '>=7.0.0'}
    dependencies:
      color-name: 1.1.4
    optional: true

  /color-name/1.1.4:
    resolution: {integrity: sha512-dOy+3AuW3a2wNbZHIuMZpTcgjGuLU/uBL/ubcZF9OXbDo8ff4O8yVp5Bf0efS8uEoYo5q4Fx7dY9OgQGXgAsQA==}
    optional: true

  /cross-fetch/3.1.5:
    resolution: {integrity: sha512-lvb1SBsI0Z7GDwmuid+mU3kWVBwTVUbe7S0H52yaaAdQOXq2YktTCZdlAcNKFzE6QtRz0snpw9bNiPeOIkkQvw==}
    dependencies:
      node-fetch: 2.6.7
    transitivePeerDependencies:
      - encoding

  /csstype/3.1.0:
    resolution: {integrity: sha512-uX1KG+x9h5hIJsaKR9xHUeUraxf8IODOwq9JLNPq6BwB04a/xgpq3rcx47l5BZu5zBPlgD342tdke3Hom/nJRA==}

  /faye-websocket/0.11.4:
    resolution: {integrity: sha512-CzbClwlXAuiRQAlUyfqPgvPoNKTckTPGfwZV4ZdAhVcP2lh9KUxJg2b5GkE7XbjKQ3YJnQ9z6D9ntLAlB+tP8g==}
    engines: {node: '>=0.8.0'}
    dependencies:
      websocket-driver: 0.7.4
    dev: false

  /has-flag/4.0.0:
    resolution: {integrity: sha512-EykJT/Q1KjTWctppgIAgfSO0tKVuZUjhgMr17kqTumMl6Afv3EISleU7qZUzoXDFTAHTDC4NOoG/ZxU3EvlMPQ==}
    engines: {node: '>=8'}
    optional: true

  /http-parser-js/0.5.8:
    resolution: {integrity: sha512-SGeBX54F94Wgu5RH3X5jsDtf4eHyRogWX1XGT3b4HuW3tQPM4AaBzoUji/4AAJNXCEOWZ5O0DgZmJw1947gD5Q==}
    dev: false

  /node-fetch/2.6.7:
    resolution: {integrity: sha512-ZjMPFEfVx5j+y2yF35Kzx5sF7kDzxuDj6ziH4FFbOp87zKDZNx8yExJIb05OGF4Nlt9IHFIMBkRl41VdvcNdbQ==}
    engines: {node: 4.x || >=6.0.0}
    peerDependencies:
      encoding: ^0.1.0
    peerDependenciesMeta:
      encoding:
        optional: true
    dependencies:
      whatwg-url: 5.0.0

  /randomcolor/0.6.2:
    resolution: {integrity: sha512-Mn6TbyYpFgwFuQ8KJKqf3bqqY9O1y37/0jgSK/61PUxV4QfIMv0+K2ioq8DfOjkBslcjwSzRfIDEXfzA9aCx7A==}

  /safe-buffer/5.2.1:
    resolution: {integrity: sha512-rp3So07KcdmmKbGvgaNxQSJr7bGVSVk5S9Eq1F+ppbRo70+YeaDxkw5Dd8NPN+GD6bjnYm2VuPuCXmpuYvmCXQ==}
    dev: false

  /sockjs/0.3.24:
    resolution: {integrity: sha512-GJgLTZ7vYb/JtPSSZ10hsOYIvEYsjbNU+zPdIHcUaWVNUEPivzxku31865sSSud0Da0W4lEeOPlmw93zLQchuQ==}
    dependencies:
      faye-websocket: 0.11.4
      uuid: 8.3.2
      websocket-driver: 0.7.4
    dev: false

  /supports-color/7.2.0:
    resolution: {integrity: sha512-qpCAvRl9stuOHveKsn7HncJRvv501qIacKzQlO/+Lwxc9+0q2wLyv4Dfvt80/DPn2pqOBsJdDiogXGR9+OvwRw==}
    engines: {node: '>=8'}
    dependencies:
      has-flag: 4.0.0
    optional: true

  /tr46/0.0.3:
    resolution: {integrity: sha1-gYT9NH2snNwYWZLzpmIuFLnZq2o=}

  /typescript/4.7.4:
    resolution: {integrity: sha512-C0WQT0gezHuw6AdY1M2jxUO83Rjf0HP7Sk1DtXj6j1EwkQNZrHAg2XPWlq62oqEhYvONq5pkC2Y9oPljWToLmQ==}
    engines: {node: '>=4.2.0'}
    hasBin: true
    dev: true

  /uuid/8.3.2:
    resolution: {integrity: sha512-+NYs2QeMWy+GWFOEm9xnn6HCDp0l7QBD7ml8zLUmJ+93Q5NF0NocErnwkTkXVFNiX3/fpC6afS8Dhb/gz7R7eg==}
    hasBin: true
    dev: false

  /webidl-conversions/3.0.1:
    resolution: {integrity: sha1-JFNCdeKnvGvnvIZhHMFq4KVlSHE=}

  /websocket-driver/0.7.4:
    resolution: {integrity: sha512-b17KeDIQVjvb0ssuSDF2cYXSg2iztliJ4B9WdsuB6J952qCPKmnVq4DyW5motImXHDC1cBT/1UezrJVsKw5zjg==}
    engines: {node: '>=0.8.0'}
    dependencies:
      http-parser-js: 0.5.8
      safe-buffer: 5.2.1
      websocket-extensions: 0.1.4
    dev: false

  /websocket-extensions/0.1.4:
    resolution: {integrity: sha512-OqedPIGOfsDlo31UNwYbCFMSaO9m9G/0faIHj5/dZFDMFqPTcx6UwqyOy3COEaEOg/9VsGIpdqn62W5KhoKSpg==}
    engines: {node: '>=0.8.0'}
    dev: false

  /whatwg-url/5.0.0:
    resolution: {integrity: sha1-lmRU6HZUYuN2RNNib2dCzotwll0=}
    dependencies:
      tr46: 0.0.3
      webidl-conversions: 3.0.1
